
Microsoft Visual Studio Solution File, Format Version 12.00
# Visual Studio Version 16
VisualStudioVersion = 16.0.31410.357
MinimumVisualStudioVersion = 10.0.40219.1
Project("{9A19103F-16F7-4668-BE54-9A1E7A4F7556}") = "netcoreapp", "netcoreapp.csproj", "{D4EFEA52-313F-45A7-9B0B-949CC5B51B69}"
EndProject
Project("{9A19103F-16F7-4668-BE54-9A1E7A4F7556}") = "netcoreapp.tests", "netcoreapp.tests\netcoreapp.tests.csproj", "{63DC217C-9B76-49A0-B729-360E675896B2}"
	ProjectSection(ProjectDependencies) = postProject
		{D4EFEA52-313F-45A7-9B0B-949CC5B51B69} = {D4EFEA52-313F-45A7-9B0B-949CC5B51B69}
	EndProjectSection
EndProject
Global
	GlobalSection(SolutionConfigurationPlatforms) = preSolution
		Debug|Any CPU = Debug|Any CPU
		Release|Any CPU = Release|Any CPU
	EndGlobalSection
	GlobalSection(ProjectConfigurationPlatforms) = postSolution
		{D4EFEA52-313F-45A7-9B0B-949CC5B51B69}.Debug|Any CPU.ActiveCfg = Debug|Any CPU
		{D4EFEA52-313F-45A7-9B0B-949CC5B51B69}.Debug|Any CPU.Build.0 = Debug|Any CPU
		{D4EFEA52-313F-45A7-9B0B-949CC5B51B69}.Release|Any CPU.ActiveCfg = Release|Any CPU
		{D4EFEA52-313F-45A7-9B0B-949CC5B51B69}.Release|Any CPU.Build.0 = Release|Any CPU
		{63DC217C-9B76-49A0-B729-360E675896B2}.Debug|Any CPU.ActiveCfg = Debug|Any CPU
		{63DC217C-9B76-49A0-B729-360E675896B2}.Debug|Any CPU.Build.0 = Debug|Any CPU
		{63DC217C-9B76-49A0-B729-360E675896B2}.Release|Any CPU.ActiveCfg = Release|Any CPU
		{63DC217C-9B76-49A0-B729-360E675896B2}.Release|Any CPU.Build.0 = Release|Any CPU
	EndGlobalSection
	GlobalSection(SolutionProperties) = preSolution
		HideSolutionNode = FALSE
	EndGlobalSection
	GlobalSection(ExtensibilityGlobals) = postSolution
		SolutionGuid = {DB73ECC1-C3D1-49FF-82D7-DCB76916D902}
	EndGlobalSection
EndGlobal
